
Microsoft Visual Studio Solution File, Format Version 11.00
# Visual Studio 2010
Project("{FAE04EC0-301F-11D3-BF4B-00C04F79EFBC}") = "ScottsJewels.Extensions", "ScottsJewels.Extensions\ScottsJewels.Extensions.csproj", "{8DCA1BF9-9922-44B3-8974-CACC0E8A60CA}"
EndProject
Project("{FAE04EC0-301F-11D3-BF4B-00C04F79EFBC}") = "ScottsJewels.UnitTests", "ScottsJewels.Extensions.UnitTest\ScottsJewels.UnitTests.csproj", "{AE1774F3-EFEA-4ACB-A6FB-EFB2ABBFDAFA}"
EndProject
Project("{2150E333-8FDC-42A3-9474-1A3956D46DE8}") = "Solution Items", "Solution Items", "{577413C3-AB78-4EEE-B204-1F6636346B01}"
	ProjectSection(SolutionItems) = preProject
		Local.testsettings = Local.testsettings
		TraceAndTestImpact.testsettings = TraceAndTestImpact.testsettings
		XSLT.vsmdi = XSLT.vsmdi
	EndProjectSection
EndProject
Global
	GlobalSection(TestCaseManagementSettings) = postSolution
		CategoryFile = XSLT.vsmdi
	EndGlobalSection
	GlobalSection(SolutionConfigurationPlatforms) = preSolution
		Debug|Any CPU = Debug|Any CPU
		Debug|Mixed Platforms = Debug|Mixed Platforms
		Debug|x86 = Debug|x86
		Release|Any CPU = Release|Any CPU
		Release|Mixed Platforms = Release|Mixed Platforms
		Release|x86 = Release|x86
	EndGlobalSection
	GlobalSection(ProjectConfigurationPlatforms) = postSolution
		{8DCA1BF9-9922-44B3-8974-CACC0E8A60CA}.Debug|Any CPU.ActiveCfg = Debug|x86
		{8DCA1BF9-9922-44B3-8974-CACC0E8A60CA}.Debug|Mixed Platforms.ActiveCfg = Debug|x86
		{8DCA1BF9-9922-44B3-8974-CACC0E8A60CA}.Debug|Mixed Platforms.Build.0 = Debug|x86
		{8DCA1BF9-9922-44B3-8974-CACC0E8A60CA}.Debug|x86.ActiveCfg = Debug|x86
		{8DCA1BF9-9922-44B3-8974-CACC0E8A60CA}.Debug|x86.Build.0 = Debug|x86
		{8DCA1BF9-9922-44B3-8974-CACC0E8A60CA}.Release|Any CPU.ActiveCfg = Release|x86
		{8DCA1BF9-9922-44B3-8974-CACC0E8A60CA}.Release|Mixed Platforms.ActiveCfg = Release|x86
		{8DCA1BF9-9922-44B3-8974-CACC0E8A60CA}.Release|Mixed Platforms.Build.0 = Release|x86
		{8DCA1BF9-9922-44B3-8974-CACC0E8A60CA}.Release|x86.ActiveCfg = Release|x86
		{8DCA1BF9-9922-44B3-8974-CACC0E8A60CA}.Release|x86.Build.0 = Release|x86
		{AE1774F3-EFEA-4ACB-A6FB-EFB2ABBFDAFA}.Debug|Any CPU.ActiveCfg = Debug|Any CPU
		{AE1774F3-EFEA-4ACB-A6FB-EFB2ABBFDAFA}.Debug|Any CPU.Build.0 = Debug|Any CPU
		{AE1774F3-EFEA-4ACB-A6FB-EFB2ABBFDAFA}.Debug|Mixed Platforms.ActiveCfg = Debug|Any CPU
		{AE1774F3-EFEA-4ACB-A6FB-EFB2ABBFDAFA}.Debug|Mixed Platforms.Build.0 = Debug|Any CPU
		{AE1774F3-EFEA-4ACB-A6FB-EFB2ABBFDAFA}.Debug|x86.ActiveCfg = Debug|Any CPU
		{AE1774F3-EFEA-4ACB-A6FB-EFB2ABBFDAFA}.Release|Any CPU.ActiveCfg = Release|Any CPU
		{AE1774F3-EFEA-4ACB-A6FB-EFB2ABBFDAFA}.Release|Any CPU.Build.0 = Release|Any CPU
		{AE1774F3-EFEA-4ACB-A6FB-EFB2ABBFDAFA}.Release|Mixed Platforms.ActiveCfg = Release|Any CPU
		{AE1774F3-EFEA-4ACB-A6FB-EFB2ABBFDAFA}.Release|Mixed Platforms.Build.0 = Release|Any CPU
		{AE1774F3-EFEA-4ACB-A6FB-EFB2ABBFDAFA}.Release|x86.ActiveCfg = Release|Any CPU
	EndGlobalSection
	GlobalSection(SolutionProperties) = preSolution
		HideSolutionNode = FALSE
	EndGlobalSection
EndGlobal
